PODS:
  - FBSnapshotTestCase (2.1.4):
    - FBSnapshotTestCase/SwiftSupport (= 2.1.4)
  - FBSnapshotTestCase/Core (2.1.4)
  - FBSnapshotTestCase/SwiftSupport (2.1.4):
    - FBSnapshotTestCase/Core
  - podtest (0.6.0)

DEPENDENCIES:
  - FBSnapshotTestCase
  - podtest (~> 0.6.0)

SPEC REPOS:
  https://github.com/wangzhaoyang123/podtestspecs.git:
    - podtest
  trunk:
    - FBSnapshotTestCase

SPEC CHECKSUMS:
  FBSnapshotTestCase: 094f9f314decbabe373b87cc339bea235a63e07a
  podtest: 00abc062273cb38a24c602cee651bdab3966d381

PODFILE CHECKSUM: 3e2f165886821ca91f754104249f4f17cc60dd86

COCOAPODS: 1.11.2
