PODS:
  - FBSnapshotTestCase (2.1.4):
    - FBSnapshotTestCase/SwiftSupport (= 2.1.4)
  - FBSnapshotTestCase/Core (2.1.4)
  - FBSnapshotTestCase/SwiftSupport (2.1.4):
    - FBSnapshotTestCase/Core
  - podtest (0.3.0)

DEPENDENCIES:
  - FBSnapshotTestCase
  - podtest (~> 0.3.0)

SPEC REPOS:
  https://github.com/wangzhaoyang123/podtestspecs.git:
    - podtest
  trunk:
    - FBSnapshotTestCase

SPEC CHECKSUMS:
  FBSnapshotTestCase: 094f9f314decbabe373b87cc339bea235a63e07a
  podtest: 2ca9250ab67262d2030595d1f1903881a0ef0c7c

PODFILE CHECKSUM: 4f651ec4182f33bd3f12298e3de7e914a82fb4a8

COCOAPODS: 1.11.2
