PODS:
  - FBSnapshotTestCase (2.1.4):
    - FBSnapshotTestCase/SwiftSupport (= 2.1.4)
  - FBSnapshotTestCase/Core (2.1.4)
  - FBSnapshotTestCase/SwiftSupport (2.1.4):
    - FBSnapshotTestCase/Core
  - podtest (0.4.0)

DEPENDENCIES:
  - FBSnapshotTestCase
  - podtest (~> 0.4.0)

SPEC REPOS:
  https://github.com/wangzhaoyang123/podtestspecs.git:
    - podtest
  trunk:
    - FBSnapshotTestCase

SPEC CHECKSUMS:
  FBSnapshotTestCase: 094f9f314decbabe373b87cc339bea235a63e07a
  podtest: 123c03224106e4879a1cd8e3136b73ca1f57621c

PODFILE CHECKSUM: cb9aee8bff1fedf7da2a72d10b8b93950f8a32e2

COCOAPODS: 1.11.2
